
Microsoft Visual Studio Solution File, Format Version 9.00
# Visual Studio 2005
Project("{FAE04EC0-301F-11D3-BF4B-00C04F79EFBC}") = "QuickTest", "QuickTest\QuickTest.csproj", "{CD6A8C71-FE65-485C-A9AA-A5DD8B331E1E}"
EndProject
Project("{FAE04EC0-301F-11D3-BF4B-00C04F79EFBC}") = "Cfix.Control", "Cfix.Control\Cfix.Control.csproj", "{C48FD013-1C86-4C95-B4BA-126C8749E008}"
EndProject
Project("{FAE04EC0-301F-11D3-BF4B-00C04F79EFBC}") = "Cfix.Control.Test", "Cfix.Control.Test\Cfix.Control.Test.csproj", "{43932BBA-0D20-45F1-B716-F0C4BCAF36F9}"
	ProjectSection(ProjectDependencies) = postProject
		{D106E50C-65B0-4B22-82A3-35B4233270C7} = {D106E50C-65B0-4B22-82A3-35B4233270C7}
	EndProjectSection
EndProject
Project("{FAE04EC0-301F-11D3-BF4B-00C04F79EFBC}") = "Cfix.Control.Ui", "Cfix.Control.Ui\Cfix.Control.Ui.csproj", "{FD67630D-9595-452C-8097-A1F34E321FCC}"
	ProjectSection(ProjectDependencies) = postProject
		{C48FD013-1C86-4C95-B4BA-126C8749E008} = {C48FD013-1C86-4C95-B4BA-126C8749E008}
	EndProjectSection
EndProject
Project("{8BC9CEB8-8B4A-11D0-8D11-00A0C91BC942}") = "Cfix.Control.NativeTests", "Cfix.Control.NativeTests\Cfix.Control.NativeTests.vcproj", "{D106E50C-65B0-4B22-82A3-35B4233270C7}"
EndProject
Project("{FAE04EC0-301F-11D3-BF4B-00C04F79EFBC}") = "Cfix.Control.TreeView", "Cfix.Control.TreeView\Cfix.Control.TreeView.csproj", "{E73BB233-D88B-44A7-A98F-D71EE158381D}"
EndProject
Global
	GlobalSection(SolutionConfigurationPlatforms) = preSolution
		Debug|Any CPU = Debug|Any CPU
		Debug|Mixed Platforms = Debug|Mixed Platforms
		Debug|Win32 = Debug|Win32
		Debug|x86 = Debug|x86
		Release|Any CPU = Release|Any CPU
		Release|Mixed Platforms = Release|Mixed Platforms
		Release|Win32 = Release|Win32
		Release|x86 = Release|x86
	EndGlobalSection
	GlobalSection(ProjectConfigurationPlatforms) = postSolution
		{CD6A8C71-FE65-485C-A9AA-A5DD8B331E1E}.Debug|Any CPU.ActiveCfg = Debug|Any CPU
		{CD6A8C71-FE65-485C-A9AA-A5DD8B331E1E}.Debug|Any CPU.Build.0 = Debug|Any CPU
		{CD6A8C71-FE65-485C-A9AA-A5DD8B331E1E}.Debug|Mixed Platforms.ActiveCfg = Debug|x86
		{CD6A8C71-FE65-485C-A9AA-A5DD8B331E1E}.Debug|Mixed Platforms.Build.0 = Debug|x86
		{CD6A8C71-FE65-485C-A9AA-A5DD8B331E1E}.Debug|Win32.ActiveCfg = Debug|x86
		{CD6A8C71-FE65-485C-A9AA-A5DD8B331E1E}.Debug|x86.ActiveCfg = Debug|x86
		{CD6A8C71-FE65-485C-A9AA-A5DD8B331E1E}.Debug|x86.Build.0 = Debug|x86
		{CD6A8C71-FE65-485C-A9AA-A5DD8B331E1E}.Release|Any CPU.ActiveCfg = Release|Any CPU
		{CD6A8C71-FE65-485C-A9AA-A5DD8B331E1E}.Release|Any CPU.Build.0 = Release|Any CPU
		{CD6A8C71-FE65-485C-A9AA-A5DD8B331E1E}.Release|Mixed Platforms.ActiveCfg = Release|x86
		{CD6A8C71-FE65-485C-A9AA-A5DD8B331E1E}.Release|Mixed Platforms.Build.0 = Release|x86
		{CD6A8C71-FE65-485C-A9AA-A5DD8B331E1E}.Release|Win32.ActiveCfg = Release|x86
		{CD6A8C71-FE65-485C-A9AA-A5DD8B331E1E}.Release|x86.ActiveCfg = Release|x86
		{CD6A8C71-FE65-485C-A9AA-A5DD8B331E1E}.Release|x86.Build.0 = Release|x86
		{C48FD013-1C86-4C95-B4BA-126C8749E008}.Debug|Any CPU.ActiveCfg = Debug|Any CPU
		{C48FD013-1C86-4C95-B4BA-126C8749E008}.Debug|Any CPU.Build.0 = Debug|Any CPU
		{C48FD013-1C86-4C95-B4BA-126C8749E008}.Debug|Mixed Platforms.ActiveCfg = Debug|x86
		{C48FD013-1C86-4C95-B4BA-126C8749E008}.Debug|Mixed Platforms.Build.0 = Debug|x86
		{C48FD013-1C86-4C95-B4BA-126C8749E008}.Debug|Win32.ActiveCfg = Debug|x86
		{C48FD013-1C86-4C95-B4BA-126C8749E008}.Debug|x86.ActiveCfg = Debug|x86
		{C48FD013-1C86-4C95-B4BA-126C8749E008}.Debug|x86.Build.0 = Debug|x86
		{C48FD013-1C86-4C95-B4BA-126C8749E008}.Release|Any CPU.ActiveCfg = Release|Any CPU
		{C48FD013-1C86-4C95-B4BA-126C8749E008}.Release|Any CPU.Build.0 = Release|Any CPU
		{C48FD013-1C86-4C95-B4BA-126C8749E008}.Release|Mixed Platforms.ActiveCfg = Release|x86
		{C48FD013-1C86-4C95-B4BA-126C8749E008}.Release|Mixed Platforms.Build.0 = Release|x86
		{C48FD013-1C86-4C95-B4BA-126C8749E008}.Release|Win32.ActiveCfg = Release|x86
		{C48FD013-1C86-4C95-B4BA-126C8749E008}.Release|x86.ActiveCfg = Release|x86
		{C48FD013-1C86-4C95-B4BA-126C8749E008}.Release|x86.Build.0 = Release|x86
		{43932BBA-0D20-45F1-B716-F0C4BCAF36F9}.Debug|Any CPU.ActiveCfg = Debug|Any CPU
		{43932BBA-0D20-45F1-B716-F0C4BCAF36F9}.Debug|Any CPU.Build.0 = Debug|Any CPU
		{43932BBA-0D20-45F1-B716-F0C4BCAF36F9}.Debug|Mixed Platforms.ActiveCfg = Debug|x86
		{43932BBA-0D20-45F1-B716-F0C4BCAF36F9}.Debug|Mixed Platforms.Build.0 = Debug|x86
		{43932BBA-0D20-45F1-B716-F0C4BCAF36F9}.Debug|Win32.ActiveCfg = Debug|x86
		{43932BBA-0D20-45F1-B716-F0C4BCAF36F9}.Debug|x86.ActiveCfg = Debug|x86
		{43932BBA-0D20-45F1-B716-F0C4BCAF36F9}.Debug|x86.Build.0 = Debug|x86
		{43932BBA-0D20-45F1-B716-F0C4BCAF36F9}.Release|Any CPU.ActiveCfg = Release|Any CPU
		{43932BBA-0D20-45F1-B716-F0C4BCAF36F9}.Release|Any CPU.Build.0 = Release|Any CPU
		{43932BBA-0D20-45F1-B716-F0C4BCAF36F9}.Release|Mixed Platforms.ActiveCfg = Release|x86
		{43932BBA-0D20-45F1-B716-F0C4BCAF36F9}.Release|Mixed Platforms.Build.0 = Release|x86
		{43932BBA-0D20-45F1-B716-F0C4BCAF36F9}.Release|Win32.ActiveCfg = Release|x86
		{43932BBA-0D20-45F1-B716-F0C4BCAF36F9}.Release|x86.ActiveCfg = Release|x86
		{43932BBA-0D20-45F1-B716-F0C4BCAF36F9}.Release|x86.Build.0 = Release|x86
		{FD67630D-9595-452C-8097-A1F34E321FCC}.Debug|Any CPU.ActiveCfg = Debug|x86
		{FD67630D-9595-452C-8097-A1F34E321FCC}.Debug|Mixed Platforms.ActiveCfg = Debug|x86
		{FD67630D-9595-452C-8097-A1F34E321FCC}.Debug|Mixed Platforms.Build.0 = Debug|x86
		{FD67630D-9595-452C-8097-A1F34E321FCC}.Debug|Win32.ActiveCfg = Debug|x86
		{FD67630D-9595-452C-8097-A1F34E321FCC}.Debug|x86.ActiveCfg = Debug|x86
		{FD67630D-9595-452C-8097-A1F34E321FCC}.Debug|x86.Build.0 = Debug|x86
		{FD67630D-9595-452C-8097-A1F34E321FCC}.Release|Any CPU.ActiveCfg = Release|x86
		{FD67630D-9595-452C-8097-A1F34E321FCC}.Release|Mixed Platforms.ActiveCfg = Release|x86
		{FD67630D-9595-452C-8097-A1F34E321FCC}.Release|Mixed Platforms.Build.0 = Release|x86
		{FD67630D-9595-452C-8097-A1F34E321FCC}.Release|Win32.ActiveCfg = Release|x86
		{FD67630D-9595-452C-8097-A1F34E321FCC}.Release|x86.ActiveCfg = Release|x86
		{FD67630D-9595-452C-8097-A1F34E321FCC}.Release|x86.Build.0 = Release|x86
		{D106E50C-65B0-4B22-82A3-35B4233270C7}.Debug|Any CPU.ActiveCfg = Debug|Win32
		{D106E50C-65B0-4B22-82A3-35B4233270C7}.Debug|Mixed Platforms.ActiveCfg = Debug|Win32
		{D106E50C-65B0-4B22-82A3-35B4233270C7}.Debug|Mixed Platforms.Build.0 = Debug|Win32
		{D106E50C-65B0-4B22-82A3-35B4233270C7}.Debug|Win32.ActiveCfg = Debug|Win32
		{D106E50C-65B0-4B22-82A3-35B4233270C7}.Debug|Win32.Build.0 = Debug|Win32
		{D106E50C-65B0-4B22-82A3-35B4233270C7}.Debug|x86.ActiveCfg = Debug|Win32
		{D106E50C-65B0-4B22-82A3-35B4233270C7}.Release|Any CPU.ActiveCfg = Release|Win32
		{D106E50C-65B0-4B22-82A3-35B4233270C7}.Release|Mixed Platforms.ActiveCfg = Release|Win32
		{D106E50C-65B0-4B22-82A3-35B4233270C7}.Release|Mixed Platforms.Build.0 = Release|Win32
		{D106E50C-65B0-4B22-82A3-35B4233270C7}.Release|Win32.ActiveCfg = Release|Win32
		{D106E50C-65B0-4B22-82A3-35B4233270C7}.Release|Win32.Build.0 = Release|Win32
		{D106E50C-65B0-4B22-82A3-35B4233270C7}.Release|x86.ActiveCfg = Release|Win32
		{E73BB233-D88B-44A7-A98F-D71EE158381D}.Debug|Any CPU.ActiveCfg = Debug|Any CPU
		{E73BB233-D88B-44A7-A98F-D71EE158381D}.Debug|Any CPU.Build.0 = Debug|Any CPU
		{E73BB233-D88B-44A7-A98F-D71EE158381D}.Debug|Mixed Platforms.ActiveCfg = Debug|Any CPU
		{E73BB233-D88B-44A7-A98F-D71EE158381D}.Debug|Mixed Platforms.Build.0 = Debug|Any CPU
		{E73BB233-D88B-44A7-A98F-D71EE158381D}.Debug|Win32.ActiveCfg = Debug|Any CPU
		{E73BB233-D88B-44A7-A98F-D71EE158381D}.Debug|x86.ActiveCfg = Debug|Any CPU
		{E73BB233-D88B-44A7-A98F-D71EE158381D}.Release|Any CPU.ActiveCfg = Release|Any CPU
		{E73BB233-D88B-44A7-A98F-D71EE158381D}.Release|Any CPU.Build.0 = Release|Any CPU
		{E73BB233-D88B-44A7-A98F-D71EE158381D}.Release|Mixed Platforms.ActiveCfg = Release|Any CPU
		{E73BB233-D88B-44A7-A98F-D71EE158381D}.Release|Mixed Platforms.Build.0 = Release|Any CPU
		{E73BB233-D88B-44A7-A98F-D71EE158381D}.Release|Win32.ActiveCfg = Release|Any CPU
		{E73BB233-D88B-44A7-A98F-D71EE158381D}.Release|x86.ActiveCfg = Release|Any CPU
	EndGlobalSection
	GlobalSection(SolutionProperties) = preSolution
		HideSolutionNode = FALSE
	EndGlobalSection
EndGlobal
